{
  "name": "ae-mcp",
  "version": "0.0.0",
  "lockfileVersion": 3,
  "requires": true,
  "packages": {
    "": {
      "name": "ae-mcp",
      "version": "0.0.0",
      "license": "MIT",
      "workspaces": [
        "packages/*",
        "apps/*"
      ],
      "engines": {
        "node": ">=22"
      }
    },
    "apps/installer": {
      "name": "@ae-mcp/installer",
      "version": "0.0.0"
    },
    "node_modules/@ae-mcp/bridge": {
      "resolved": "packages/bridge",
      "link": true
    },
    "node_modules/@ae-mcp/core": {
      "resolved": "packages/core",
      "link": true
    },
    "node_modules/@ae-mcp/fake-bridge": {
      "resolved": "packages/fake-bridge",
      "link": true
    },
    "node_modules/@ae-mcp/installer": {
      "resolved": "apps/installer",
      "link": true
    },
    "node_modules/@ae-mcp/protocol": {
      "resolved": "packages/protocol",
      "link": true
    },
    "node_modules/@ae-mcp/server": {
      "resolved": "packages/server",
      "link": true
    },
    "packages/bridge": {
      "name": "@ae-mcp/bridge",
      "version": "0.0.0"
    },
    "packages/core": {
      "name": "@ae-mcp/core",
      "version": "0.0.0"
    },
    "packages/fake-bridge": {
      "name": "@ae-mcp/fake-bridge",
      "version": "0.0.0"
    },
    "packages/protocol": {
      "name": "@ae-mcp/protocol",
      "version": "0.0.0"
    },
    "packages/server": {
      "name": "@ae-mcp/server",
      "version": "0.0.0"
    }
  }
}
